
Microsoft Visual Studio Solution File, Format Version 12.00
# Visual Studio 15
VisualStudioVersion = 15.0.27004.2002
MinimumVisualStudioVersion = 10.0.40219.1
Project("{FAE04EC0-301F-11D3-BF4B-00C04F79EFBC}") = "test", "test\test.csproj", "{B212534F-0888-4646-AC76-232B824F5B7B}"
EndProject
Global
	GlobalSection(SolutionConfigurationPlatforms) = preSolution
		Debug|Any CPU = Debug|Any CPU
		Release|Any CPU = Release|Any CPU
	EndGlobalSection
	GlobalSection(ProjectConfigurationPlatforms) = postSolution
		{B212534F-0888-4646-AC76-232B824F5B7B}.Debug|Any CPU.ActiveCfg = Debug|Any CPU
		{B212534F-0888-4646-AC76-232B824F5B7B}.Debug|Any CPU.Build.0 = Debug|Any CPU
		{B212534F-0888-4646-AC76-232B824F5B7B}.Release|Any CPU.ActiveCfg = Release|Any CPU
		{B212534F-0888-4646-AC76-232B824F5B7B}.Release|Any CPU.Build.0 = Release|Any CPU
	EndGlobalSection
	GlobalSection(SolutionProperties) = preSolution
		HideSolutionNode = FALSE
	EndGlobalSection
	GlobalSection(ExtensibilityGlobals) = postSolution
		SolutionGuid = {DF646B10-725E-4DA7-8D6F-EA7E6B14435A}
	EndGlobalSection
EndGlobal
